
Microsoft Visual Studio Solution File, Format Version 12.00
# Visual Studio Version 16
VisualStudioVersion = 16.0.31005.135
MinimumVisualStudioVersion = 10.0.40219.1
Project("{FAE04EC0-301F-11D3-BF4B-00C04F79EFBC}") = "Car Race", "Car Race\Car Race.csproj", "{B754931E-2A94-491F-A9AE-AEE5D450D6CA}"
EndProject
Global
	GlobalSection(SolutionConfigurationPlatforms) = preSolution
		Debug|Any CPU = Debug|Any CPU
		Release|Any CPU = Release|Any CPU
	EndGlobalSection
	GlobalSection(ProjectConfigurationPlatforms) = postSolution
		{B754931E-2A94-491F-A9AE-AEE5D450D6CA}.Debug|Any CPU.ActiveCfg = Debug|Any CPU
		{B754931E-2A94-491F-A9AE-AEE5D450D6CA}.Debug|Any CPU.Build.0 = Debug|Any CPU
		{B754931E-2A94-491F-A9AE-AEE5D450D6CA}.Release|Any CPU.ActiveCfg = Release|Any CPU
		{B754931E-2A94-491F-A9AE-AEE5D450D6CA}.Release|Any CPU.Build.0 = Release|Any CPU
	EndGlobalSection
	GlobalSection(SolutionProperties) = preSolution
		HideSolutionNode = FALSE
	EndGlobalSection
	GlobalSection(ExtensibilityGlobals) = postSolution
		SolutionGuid = {6EBC107E-1829-4FE5-BF38-5293F566E5C0}
	EndGlobalSection
EndGlobal
